{
  "version": 4,
  "terraform_version": "1.3.7",
  "serial": 55,
  "lineage": "81b42ec9-a6a5-728b-f8e0-15bc1094937e",
  "outputs": {
    "external_ip_address_vm_1": {
      "value": "84.201.139.249",
      "type": "string"
    },
    "internal_ip_address_vm_1": {
      "value": "192.168.100.33",
      "type": "string"
    }
  },
  "resources": [
    {
      "mode": "managed",
      "type": "yandex_compute_instance",
      "name": "vm-1",
      "provider": "provider[\"registry.terraform.io/yandex-cloud/yandex\"]",
      "instances": [
        {
          "schema_version": 1,
          "attributes": {
            "allow_recreate": null,
            "allow_stopping_for_update": null,
            "boot_disk": [
              {
                "auto_delete": true,
                "device_name": "epd52trigjq1jd1r1rku",
                "disk_id": "epd52trigjq1jd1r1rku",
                "initialize_params": [
                  {
                    "block_size": 4096,
                    "description": "",
                    "image_id": "fd8emvfmfoaordspe1jr",
                    "name": "",
                    "size": 20,
                    "snapshot_id": "",
                    "type": "network-hdd"
                  }
                ],
                "mode": "READ_WRITE"
              }
            ],
            "created_at": "2023-02-13T15:53:09Z",
            "description": "",
            "filesystem": [],
            "folder_id": "b1g6vmkpsdbfosh833co",
            "fqdn": "prometheus-server.ru-central1.internal",
            "hostname": "prometheus-server",
            "id": "epdj40n5op747jjoirgk",
            "labels": null,
            "local_disk": [],
            "metadata": {
              "user-data": "#cloud-config\nusers:\n  - name: admin\n    groups: sudo\n    shell: /bin/bash\n    sudo: ['ALL=(ALL) NOPASSWD:ALL']\n    ssh_authorized_keys:\n      - ssh-rsa AAAAB3NzaC1yc2EAAAADAQABAAABgQCseO3OwGR9iSZ3JrtPCF8ttmf0boLpQvwH8tfTqqep96BQ/mlXbeLkKIcRx4Pmw7G40ax30gdSQs6vXP039ix39BMDCBKy1pbOb0b4bm7agkxi+qGJNViAIdTWtktnWCAcBhd5COdIV4FS+7Ma8RIejAnRP7BWBNJEoHkDgTzg/etfkxlMd6f5KiqHmbwqWalR1CSkw4iFiMpUax1cdCstCLGLAWftQQW3buWKNFWKT7DVU3rdB6IS1Y0RxbNMPmWWKAkwd/9XFqdBIEt1tY9MgchcwTZvcDLFRhs7s2WLk8Mugh73MzKq+47ALD5BOJjPRTkmxQuHO6WGtjEAi4VfF70UVKMOSd5AgpbIqsQMQLSeBcNhH4NTsa+UlJwMFVU3SmX1VHks2xRCirw2tmYSzz/Kzt/ft7Lh1NPC8bfk34F5xx0QMOhiU7KG4VHV4Qz0quhVZKdQ2nRLQCUE5xc7BPV7grObcpfXdAXW4CImw9bJD6C7xaKGNAIFLmQqpyE= andy@pop-os"
            },
            "metadata_options": [
              {
                "aws_v1_http_endpoint": 1,
                "aws_v1_http_token": 2,
                "gce_http_endpoint": 1,
                "gce_http_token": 1
              }
            ],
            "name": "prometheus-server",
            "network_acceleration_type": "standard",
            "network_interface": [
              {
                "dns_record": [],
                "index": 0,
                "ip_address": "192.168.100.33",
                "ipv4": true,
                "ipv6": false,
                "ipv6_address": "",
                "ipv6_dns_record": [],
                "mac_address": "d0:0d:13:20:2e:5c",
                "nat": true,
                "nat_dns_record": [],
                "nat_ip_address": "84.201.139.249",
                "nat_ip_version": "IPV4",
                "security_group_ids": [],
                "subnet_id": "e2le8gg3v8bm24vr60vh"
              }
            ],
            "placement_policy": [
              {
                "host_affinity_rules": [],
                "placement_group_id": ""
              }
            ],
            "platform_id": "standard-v1",
            "resources": [
              {
                "core_fraction": 5,
                "cores": 2,
                "gpus": 0,
                "memory": 1
              }
            ],
            "scheduling_policy": [
              {
                "preemptible": false
              }
            ],
            "secondary_disk": [],
            "service_account_id": "",
            "status": "running",
            "timeouts": null,
            "zone": "ru-central1-b"
          },
          "sensitive_attributes": [],
          "private": "eyJlMmJmYjczMC1lY2FhLTExZTYtOGY4OC0zNDM2M2JjN2M0YzAiOnsiY3JlYXRlIjozMDAwMDAwMDAwMDAsImRlbGV0ZSI6MzAwMDAwMDAwMDAwLCJ1cGRhdGUiOjMwMDAwMDAwMDAwMH0sInNjaGVtYV92ZXJzaW9uIjoiMSJ9",
          "dependencies": [
            "yandex_vpc_network.network-1",
            "yandex_vpc_subnet.subnet-1"
          ]
        }
      ]
    },
    {
      "mode": "managed",
      "type": "yandex_vpc_network",
      "name": "network-1",
      "provider": "provider[\"registry.terraform.io/yandex-cloud/yandex\"]",
      "instances": [
        {
          "schema_version": 0,
          "attributes": {
            "created_at": "2023-02-13T15:53:07Z",
            "default_security_group_id": "",
            "description": "",
            "folder_id": "b1g6vmkpsdbfosh833co",
            "id": "enppujgpe3n1j40fsrfk",
            "labels": {},
            "name": "network1",
            "subnet_ids": [],
            "timeouts": null
          },
          "sensitive_attributes": [],
          "private": "eyJlMmJmYjczMC1lY2FhLTExZTYtOGY4OC0zNDM2M2JjN2M0YzAiOnsiY3JlYXRlIjo2MDAwMDAwMDAwMCwiZGVsZXRlIjo2MDAwMDAwMDAwMCwidXBkYXRlIjo2MDAwMDAwMDAwMH19"
        }
      ]
    },
    {
      "mode": "managed",
      "type": "yandex_vpc_subnet",
      "name": "subnet-1",
      "provider": "provider[\"registry.terraform.io/yandex-cloud/yandex\"]",
      "instances": [
        {
          "schema_version": 0,
          "attributes": {
            "created_at": "2023-02-13T15:53:08Z",
            "description": "",
            "dhcp_options": [],
            "folder_id": "b1g6vmkpsdbfosh833co",
            "id": "e2le8gg3v8bm24vr60vh",
            "labels": {},
            "name": "subnet1",
            "network_id": "enppujgpe3n1j40fsrfk",
            "route_table_id": "",
            "timeouts": null,
            "v4_cidr_blocks": [
              "192.168.100.0/24"
            ],
            "v6_cidr_blocks": [],
            "zone": "ru-central1-b"
          },
          "sensitive_attributes": [],
          "private": "eyJlMmJmYjczMC1lY2FhLTExZTYtOGY4OC0zNDM2M2JjN2M0YzAiOnsiY3JlYXRlIjoxODAwMDAwMDAwMDAsImRlbGV0ZSI6MTgwMDAwMDAwMDAwLCJ1cGRhdGUiOjE4MDAwMDAwMDAwMH19",
          "dependencies": [
            "yandex_vpc_network.network-1"
          ]
        }
      ]
    }
  ],
  "check_results": null
}
